
Microsoft Visual Studio Solution File, Format Version 12.00
# Visual Studio Version 17
VisualStudioVersion = 17.14.37411.7 d17.14
MinimumVisualStudioVersion = 10.0.40219.1
Project("{FAE04EC0-301F-11D3-BF4B-00C04F79EFBC}") = "WemBam", "src\WemBam\WemBam.csproj", "{10179CB8-4B47-42C8-AF5C-2024108A8ED9}"
EndProject
Global
	GlobalSection(SolutionConfigurationPlatforms) = preSolution
		Debug|Any CPU = Debug|Any CPU
		Release|Any CPU = Release|Any CPU
	EndGlobalSection
	GlobalSection(ProjectConfigurationPlatforms) = postSolution
		{10179CB8-4B47-42C8-AF5C-2024108A8ED9}.Debug|Any CPU.ActiveCfg = Debug|Any CPU
		{10179CB8-4B47-42C8-AF5C-2024108A8ED9}.Debug|Any CPU.Build.0 = Debug|Any CPU
		{10179CB8-4B47-42C8-AF5C-2024108A8ED9}.Release|Any CPU.ActiveCfg = Release|Any CPU
		{10179CB8-4B47-42C8-AF5C-2024108A8ED9}.Release|Any CPU.Build.0 = Release|Any CPU
	EndGlobalSection
	GlobalSection(SolutionProperties) = preSolution
		HideSolutionNode = FALSE
	EndGlobalSection
	GlobalSection(ExtensibilityGlobals) = postSolution
		SolutionGuid = {26FCDC44-B956-4D39-AF3F-4646EEF74228}
	EndGlobalSection
EndGlobal
